
Microsoft Visual Studio Solution File, Format Version 12.00
# Visual Studio 15
VisualStudioVersion = 15.0.27428.2037
MinimumVisualStudioVersion = 10.0.40219.1
Project("{FAE04EC0-301F-11D3-BF4B-00C04F79EFBC}") = "DigitRecognizer", "DigitRecognizer\DigitRecognizer.csproj", "{60F7B363-21E7-41C5-A4EB-5200FCD5524F}"
EndProject
Project("{888888A0-9F3D-457C-B088-3A5042F75D52}") = "Recognizer", "Recognizer\Recognizer.pyproj", "{09BE40B5-8BE2-492C-9913-3F505601AB8A}"
EndProject
Global
	GlobalSection(SolutionConfigurationPlatforms) = preSolution
		Debug|Any CPU = Debug|Any CPU
		Release|Any CPU = Release|Any CPU
	EndGlobalSection
	GlobalSection(ProjectConfigurationPlatforms) = postSolution
		{60F7B363-21E7-41C5-A4EB-5200FCD5524F}.Debug|Any CPU.ActiveCfg = Debug|Any CPU
		{60F7B363-21E7-41C5-A4EB-5200FCD5524F}.Debug|Any CPU.Build.0 = Debug|Any CPU
		{60F7B363-21E7-41C5-A4EB-5200FCD5524F}.Release|Any CPU.ActiveCfg = Release|Any CPU
		{60F7B363-21E7-41C5-A4EB-5200FCD5524F}.Release|Any CPU.Build.0 = Release|Any CPU
		{09BE40B5-8BE2-492C-9913-3F505601AB8A}.Debug|Any CPU.ActiveCfg = Debug|Any CPU
		{09BE40B5-8BE2-492C-9913-3F505601AB8A}.Release|Any CPU.ActiveCfg = Release|Any CPU
	EndGlobalSection
	GlobalSection(SolutionProperties) = preSolution
		HideSolutionNode = FALSE
	EndGlobalSection
	GlobalSection(ExtensibilityGlobals) = postSolution
		SolutionGuid = {20D717BB-A0DA-4A04-923F-9E6E4986DCC2}
	EndGlobalSection
EndGlobal
